
Microsoft Visual Studio Solution File, Format Version 12.00
# Visual Studio Version 17
VisualStudioVersion = 17.4.33205.214
MinimumVisualStudioVersion = 10.0.40219.1
Project("{FAE04EC0-301F-11D3-BF4B-00C04F79EFBC}") = "rickAndMortyCharactersInfo", "rickAndMortyCharactersInfo\rickAndMortyCharactersInfo.csproj", "{98B6B2D4-CDFA-43B0-8CBB-97F53133B6DE}"
EndProject
Global
	GlobalSection(SolutionConfigurationPlatforms) = preSolution
		Debug|Any CPU = Debug|Any CPU
		Release|Any CPU = Release|Any CPU
	EndGlobalSection
	GlobalSection(ProjectConfigurationPlatforms) = postSolution
		{98B6B2D4-CDFA-43B0-8CBB-97F53133B6DE}.Debug|Any CPU.ActiveCfg = Debug|Any CPU
		{98B6B2D4-CDFA-43B0-8CBB-97F53133B6DE}.Debug|Any CPU.Build.0 = Debug|Any CPU
		{98B6B2D4-CDFA-43B0-8CBB-97F53133B6DE}.Release|Any CPU.ActiveCfg = Release|Any CPU
		{98B6B2D4-CDFA-43B0-8CBB-97F53133B6DE}.Release|Any CPU.Build.0 = Release|Any CPU
	EndGlobalSection
	GlobalSection(SolutionProperties) = preSolution
		HideSolutionNode = FALSE
	EndGlobalSection
	GlobalSection(ExtensibilityGlobals) = postSolution
		SolutionGuid = {BC41248B-710B-4142-98F5-3A89D3C56AB2}
	EndGlobalSection
EndGlobal
